
Microsoft Visual Studio Solution File, Format Version 12.00
# Visual Studio Version 17
VisualStudioVersion = 17.5.33414.496
MinimumVisualStudioVersion = 10.0.40219.1
Project("{FAE04EC0-301F-11D3-BF4B-00C04F79EFBC}") = "ClientesProveedores", "ClientesProveedores\ClientesProveedores.csproj", "{B641CA04-E7D0-401F-9A17-D558186C60A2}"
EndProject
Global
	GlobalSection(SolutionConfigurationPlatforms) = preSolution
		Debug|Any CPU = Debug|Any CPU
		Release|Any CPU = Release|Any CPU
	EndGlobalSection
	GlobalSection(ProjectConfigurationPlatforms) = postSolution
		{B641CA04-E7D0-401F-9A17-D558186C60A2}.Debug|Any CPU.ActiveCfg = Debug|Any CPU
		{B641CA04-E7D0-401F-9A17-D558186C60A2}.Debug|Any CPU.Build.0 = Debug|Any CPU
		{B641CA04-E7D0-401F-9A17-D558186C60A2}.Release|Any CPU.ActiveCfg = Release|Any CPU
		{B641CA04-E7D0-401F-9A17-D558186C60A2}.Release|Any CPU.Build.0 = Release|Any CPU
	EndGlobalSection
	GlobalSection(SolutionProperties) = preSolution
		HideSolutionNode = FALSE
	EndGlobalSection
	GlobalSection(ExtensibilityGlobals) = postSolution
		SolutionGuid = {652843E5-5F44-4121-8625-2FEE5103A3D9}
	EndGlobalSection
EndGlobal
